
Microsoft Visual Studio Solution File, Format Version 12.00
# Visual Studio 2012
Project("{FAE04EC0-301F-11D3-BF4B-00C04F79EFBC}") = "qwewq", "qwewq\qwewq.csproj", "{C7A20E23-4C2C-4E56-BFB3-5B095F8683F1}"
EndProject
Project("{FAE04EC0-301F-11D3-BF4B-00C04F79EFBC}") = "qwewq.Tests", "qwewq.Tests\qwewq.Tests.csproj", "{10823D37-C3FB-481F-A384-2825396AA5B9}"
EndProject
Global
	GlobalSection(SolutionConfigurationPlatforms) = preSolution
		Debug|Any CPU = Debug|Any CPU
		Release|Any CPU = Release|Any CPU
	EndGlobalSection
	GlobalSection(ProjectConfigurationPlatforms) = postSolution
		{10823D37-C3FB-481F-A384-2825396AA5B9}.Debug|Any CPU.ActiveCfg = Debug|Any CPU
		{10823D37-C3FB-481F-A384-2825396AA5B9}.Debug|Any CPU.Build.0 = Debug|Any CPU
		{10823D37-C3FB-481F-A384-2825396AA5B9}.Release|Any CPU.ActiveCfg = Release|Any CPU
		{10823D37-C3FB-481F-A384-2825396AA5B9}.Release|Any CPU.Build.0 = Release|Any CPU
		{C7A20E23-4C2C-4E56-BFB3-5B095F8683F1}.Debug|Any CPU.ActiveCfg = Debug|Any CPU
		{C7A20E23-4C2C-4E56-BFB3-5B095F8683F1}.Debug|Any CPU.Build.0 = Debug|Any CPU
		{C7A20E23-4C2C-4E56-BFB3-5B095F8683F1}.Release|Any CPU.ActiveCfg = Release|Any CPU
		{C7A20E23-4C2C-4E56-BFB3-5B095F8683F1}.Release|Any CPU.Build.0 = Release|Any CPU
	EndGlobalSection
EndGlobal
